
Microsoft Visual Studio Solution File, Format Version 12.00
# Visual Studio 15
VisualStudioVersion = 15.0.26430.6
MinimumVisualStudioVersion = 10.0.40219.1
Project("{2150E333-8FDC-42A3-9474-1A3956D46DE8}") = "Cards", "Cards", "{613A2FFD-E922-4FEE-969B-5D4C9D579BDB}"
EndProject
Project("{2150E333-8FDC-42A3-9474-1A3956D46DE8}") = "Game", "Game", "{638C7C89-C982-47C7-80AF-7AE31830B4AD}"
EndProject
Project("{2150E333-8FDC-42A3-9474-1A3956D46DE8}") = "Server", "Server", "{EF1B5E0B-62DA-4C3C-807F-6FF862153C11}"
EndProject
Project("{2150E333-8FDC-42A3-9474-1A3956D46DE8}") = "Client", "Client", "{B353E09C-AE86-411E-AFBE-1E6DDB78DD29}"
EndProject
Project("{2150E333-8FDC-42A3-9474-1A3956D46DE8}") = ".scripts", ".scripts", "{BBDA3A1C-2796-48E7-AA5D-FF8E169F7A42}"
	ProjectSection(SolutionItems) = preProject
		clientTcp.bat = clientTcp.bat
	EndProjectSection
EndProject
Project("{2150E333-8FDC-42A3-9474-1A3956D46DE8}") = "Chat", "Chat", "{AAFF86B3-C463-42BA-8E09-5FB30EE48626}"
EndProject
Project("{2150E333-8FDC-42A3-9474-1A3956D46DE8}") = "Test", "Test", "{E98C15FC-2AB7-42CA-BB58-AAD193AA92B4}"
EndProject
Project("{9A19103F-16F7-4668-BE54-9A1E7A4F7556}") = "Server.Admin", "Server.Admin\Server.Admin.csproj", "{60428C86-F83D-465A-99D5-1D0746C7257B}"
	ProjectSection(ProjectDependencies) = postProject
		{15DE7222-4F9E-43C3-A8CD-4CA766683EC4} = {15DE7222-4F9E-43C3-A8CD-4CA766683EC4}
		{F04C1F37-1D14-4AB6-A70F-4C069DFDD1D5} = {F04C1F37-1D14-4AB6-A70F-4C069DFDD1D5}
		{BDCC3A38-A767-44B5-8891-941B5690ED04} = {BDCC3A38-A767-44B5-8891-941B5690ED04}
		{4197D043-9AA4-4EB9-8CCD-0CAC446C1DBF} = {4197D043-9AA4-4EB9-8CCD-0CAC446C1DBF}
		{D97F9454-CB09-4A32-BCD6-3593971003A7} = {D97F9454-CB09-4A32-BCD6-3593971003A7}
		{B4225572-E51A-4B43-AE4B-F04ADF44EF01} = {B4225572-E51A-4B43-AE4B-F04ADF44EF01}
		{11AAFF80-FFC3-4638-B884-A14167B86766} = {11AAFF80-FFC3-4638-B884-A14167B86766}
		{95262F85-0A58-4185-81C1-B0FBCFDEA0F9} = {95262F85-0A58-4185-81C1-B0FBCFDEA0F9}
		{D6219F88-3BB1-440A-BB8E-F255EB664400} = {D6219F88-3BB1-440A-BB8E-F255EB664400}
		{898D6D90-F289-42FA-BB6A-FF381261CDC0} = {898D6D90-F289-42FA-BB6A-FF381261CDC0}
		{C3E8D6AA-296F-46D3-921A-D5D670EB7AB4} = {C3E8D6AA-296F-46D3-921A-D5D670EB7AB4}
		{F251E8C2-AB3B-41F4-96C1-9D9937A77ABC} = {F251E8C2-AB3B-41F4-96C1-9D9937A77ABC}
		{D3A20AEB-922D-4153-BFB0-BD873E6EA552} = {D3A20AEB-922D-4153-BFB0-BD873E6EA552}
	EndProjectSection
EndProject
Project("{9A19103F-16F7-4668-BE54-9A1E7A4F7556}") = "Server.Core", "Server.Core\Server.Core.csproj", "{11AAFF80-FFC3-4638-B884-A14167B86766}"
EndProject
Project("{9A19103F-16F7-4668-BE54-9A1E7A4F7556}") = "Core", "Core\Core.csproj", "{898D6D90-F289-42FA-BB6A-FF381261CDC0}"
EndProject
Project("{9A19103F-16F7-4668-BE54-9A1E7A4F7556}") = "Server.Core.Command", "Server.Core.Command\Server.Core.Command.csproj", "{F251E8C2-AB3B-41F4-96C1-9D9937A77ABC}"
EndProject
Project("{9A19103F-16F7-4668-BE54-9A1E7A4F7556}") = "Core.TCP", "Core.TCP\Core.TCP.csproj", "{C3E8D6AA-296F-46D3-921A-D5D670EB7AB4}"
EndProject
Project("{9A19103F-16F7-4668-BE54-9A1E7A4F7556}") = "Server.TCP", "Server.TCP\Server.TCP.csproj", "{BDCC3A38-A767-44B5-8891-941B5690ED04}"
EndProject
Project("{9A19103F-16F7-4668-BE54-9A1E7A4F7556}") = "Server.Runer", "Server.Runer\Server.Runer.csproj", "{B4225572-E51A-4B43-AE4B-F04ADF44EF01}"
EndProject
Project("{9A19103F-16F7-4668-BE54-9A1E7A4F7556}") = "Client.Core", "Client.Core\Client.Core.csproj", "{D3A20AEB-922D-4153-BFB0-BD873E6EA552}"
EndProject
Project("{9A19103F-16F7-4668-BE54-9A1E7A4F7556}") = "Card.Core", "Card.Core\Card.Core.csproj", "{15DE7222-4F9E-43C3-A8CD-4CA766683EC4}"
EndProject
Project("{9A19103F-16F7-4668-BE54-9A1E7A4F7556}") = "Game.Core", "Game.Core\Game.Core.csproj", "{4197D043-9AA4-4EB9-8CCD-0CAC446C1DBF}"
EndProject
Project("{9A19103F-16F7-4668-BE54-9A1E7A4F7556}") = "Game.Logic", "Game.Logic\Game.Logic.csproj", "{D6219F88-3BB1-440A-BB8E-F255EB664400}"
EndProject
Project("{9A19103F-16F7-4668-BE54-9A1E7A4F7556}") = "Game.Service", "Game.Service\Game.Service.csproj", "{F04C1F37-1D14-4AB6-A70F-4C069DFDD1D5}"
EndProject
Project("{9A19103F-16F7-4668-BE54-9A1E7A4F7556}") = "Server.HTTP", "Server.HTTP\Server.HTTP.csproj", "{D97F9454-CB09-4A32-BCD6-3593971003A7}"
EndProject
Project("{9A19103F-16F7-4668-BE54-9A1E7A4F7556}") = "Core.Public", "Core.Public\Core.Public.csproj", "{95262F85-0A58-4185-81C1-B0FBCFDEA0F9}"
EndProject
Project("{9A19103F-16F7-4668-BE54-9A1E7A4F7556}") = "Chat.Server", "Chat.Server\Chat.Server.csproj", "{56E6589D-34B1-4BE8-801A-04383F20A56B}"
EndProject
Project("{9A19103F-16F7-4668-BE54-9A1E7A4F7556}") = "Chat.Public", "Chat.Public\Chat.Public.csproj", "{C08F4526-79C2-4D15-9C3C-05EB5D44A399}"
EndProject
Project("{9A19103F-16F7-4668-BE54-9A1E7A4F7556}") = "Server.Service", "Server.Service\Server.Service.csproj", "{0A8723F2-BA75-4CE3-9089-48070B547418}"
EndProject
Project("{9A19103F-16F7-4668-BE54-9A1E7A4F7556}") = "Public.Command", "Public.Command\Public.Command.csproj", "{787881FE-132A-40DA-BEA9-F026BBC9684A}"
EndProject
Project("{9A19103F-16F7-4668-BE54-9A1E7A4F7556}") = "Server.Accounts", "Server.Accounts\Server.Accounts.csproj", "{96E26727-2411-4E8E-813E-AFEA7F0BD100}"
EndProject
Project("{9A19103F-16F7-4668-BE54-9A1E7A4F7556}") = "Server.Db", "Server.Db\Server.Db.csproj", "{FF72C743-FEBE-4C7D-B2F5-E2C6C086703D}"
EndProject
Project("{9A19103F-16F7-4668-BE54-9A1E7A4F7556}") = "Server.Db.Test", "Server.Db.Test\Server.Db.Test.csproj", "{BCC118DD-008E-4A4C-9C3B-B452F091358F}"
EndProject
Project("{9A19103F-16F7-4668-BE54-9A1E7A4F7556}") = "Client.Core.Command", "Client.Core.Command\Client.Core.Command.csproj", "{37443D5D-E22A-4172-9109-7D0794C2C839}"
EndProject
Project("{FAE04EC0-301F-11D3-BF4B-00C04F79EFBC}") = "Client.TCP", "Client.TCP\Client.TCP.csproj", "{7F774447-A416-40EB-B2AB-0B72CC304BC5}"
EndProject
Project("{FAE04EC0-301F-11D3-BF4B-00C04F79EFBC}") = "Client.Lobby", "Client.Lobby\Client.Lobby.csproj", "{D1159C81-8171-458E-9F37-74768E9A3C5F}"
EndProject
Global
	GlobalSection(SolutionConfigurationPlatforms) = preSolution
		Debug|Any CPU = Debug|Any CPU
		Release|Any CPU = Release|Any CPU
	EndGlobalSection
	GlobalSection(ProjectConfigurationPlatforms) = postSolution
		{60428C86-F83D-465A-99D5-1D0746C7257B}.Debug|Any CPU.ActiveCfg = Debug|Any CPU
		{60428C86-F83D-465A-99D5-1D0746C7257B}.Debug|Any CPU.Build.0 = Debug|Any CPU
		{60428C86-F83D-465A-99D5-1D0746C7257B}.Release|Any CPU.ActiveCfg = Release|Any CPU
		{60428C86-F83D-465A-99D5-1D0746C7257B}.Release|Any CPU.Build.0 = Release|Any CPU
		{11AAFF80-FFC3-4638-B884-A14167B86766}.Debug|Any CPU.ActiveCfg = Debug|Any CPU
		{11AAFF80-FFC3-4638-B884-A14167B86766}.Debug|Any CPU.Build.0 = Debug|Any CPU
		{11AAFF80-FFC3-4638-B884-A14167B86766}.Release|Any CPU.ActiveCfg = Release|Any CPU
		{11AAFF80-FFC3-4638-B884-A14167B86766}.Release|Any CPU.Build.0 = Release|Any CPU
		{898D6D90-F289-42FA-BB6A-FF381261CDC0}.Debug|Any CPU.ActiveCfg = Debug|Any CPU
		{898D6D90-F289-42FA-BB6A-FF381261CDC0}.Debug|Any CPU.Build.0 = Debug|Any CPU
		{898D6D90-F289-42FA-BB6A-FF381261CDC0}.Release|Any CPU.ActiveCfg = Release|Any CPU
		{898D6D90-F289-42FA-BB6A-FF381261CDC0}.Release|Any CPU.Build.0 = Release|Any CPU
		{F251E8C2-AB3B-41F4-96C1-9D9937A77ABC}.Debug|Any CPU.ActiveCfg = Debug|Any CPU
		{F251E8C2-AB3B-41F4-96C1-9D9937A77ABC}.Debug|Any CPU.Build.0 = Debug|Any CPU
		{F251E8C2-AB3B-41F4-96C1-9D9937A77ABC}.Release|Any CPU.ActiveCfg = Release|Any CPU
		{F251E8C2-AB3B-41F4-96C1-9D9937A77ABC}.Release|Any CPU.Build.0 = Release|Any CPU
		{C3E8D6AA-296F-46D3-921A-D5D670EB7AB4}.Debug|Any CPU.ActiveCfg = Debug|Any CPU
		{C3E8D6AA-296F-46D3-921A-D5D670EB7AB4}.Debug|Any CPU.Build.0 = Debug|Any CPU
		{C3E8D6AA-296F-46D3-921A-D5D670EB7AB4}.Release|Any CPU.ActiveCfg = Release|Any CPU
		{C3E8D6AA-296F-46D3-921A-D5D670EB7AB4}.Release|Any CPU.Build.0 = Release|Any CPU
		{BDCC3A38-A767-44B5-8891-941B5690ED04}.Debug|Any CPU.ActiveCfg = Debug|Any CPU
		{BDCC3A38-A767-44B5-8891-941B5690ED04}.Debug|Any CPU.Build.0 = Debug|Any CPU
		{BDCC3A38-A767-44B5-8891-941B5690ED04}.Release|Any CPU.ActiveCfg = Release|Any CPU
		{BDCC3A38-A767-44B5-8891-941B5690ED04}.Release|Any CPU.Build.0 = Release|Any CPU
		{B4225572-E51A-4B43-AE4B-F04ADF44EF01}.Debug|Any CPU.ActiveCfg = Debug|Any CPU
		{B4225572-E51A-4B43-AE4B-F04ADF44EF01}.Debug|Any CPU.Build.0 = Debug|Any CPU
		{B4225572-E51A-4B43-AE4B-F04ADF44EF01}.Release|Any CPU.ActiveCfg = Release|Any CPU
		{B4225572-E51A-4B43-AE4B-F04ADF44EF01}.Release|Any CPU.Build.0 = Release|Any CPU
		{D3A20AEB-922D-4153-BFB0-BD873E6EA552}.Debug|Any CPU.ActiveCfg = Debug|Any CPU
		{D3A20AEB-922D-4153-BFB0-BD873E6EA552}.Debug|Any CPU.Build.0 = Debug|Any CPU
		{D3A20AEB-922D-4153-BFB0-BD873E6EA552}.Release|Any CPU.ActiveCfg = Release|Any CPU
		{D3A20AEB-922D-4153-BFB0-BD873E6EA552}.Release|Any CPU.Build.0 = Release|Any CPU
		{15DE7222-4F9E-43C3-A8CD-4CA766683EC4}.Debug|Any CPU.ActiveCfg = Debug|Any CPU
		{15DE7222-4F9E-43C3-A8CD-4CA766683EC4}.Debug|Any CPU.Build.0 = Debug|Any CPU
		{15DE7222-4F9E-43C3-A8CD-4CA766683EC4}.Release|Any CPU.ActiveCfg = Release|Any CPU
		{15DE7222-4F9E-43C3-A8CD-4CA766683EC4}.Release|Any CPU.Build.0 = Release|Any CPU
		{4197D043-9AA4-4EB9-8CCD-0CAC446C1DBF}.Debug|Any CPU.ActiveCfg = Debug|Any CPU
		{4197D043-9AA4-4EB9-8CCD-0CAC446C1DBF}.Debug|Any CPU.Build.0 = Debug|Any CPU
		{4197D043-9AA4-4EB9-8CCD-0CAC446C1DBF}.Release|Any CPU.ActiveCfg = Release|Any CPU
		{4197D043-9AA4-4EB9-8CCD-0CAC446C1DBF}.Release|Any CPU.Build.0 = Release|Any CPU
		{D6219F88-3BB1-440A-BB8E-F255EB664400}.Debug|Any CPU.ActiveCfg = Debug|Any CPU
		{D6219F88-3BB1-440A-BB8E-F255EB664400}.Debug|Any CPU.Build.0 = Debug|Any CPU
		{D6219F88-3BB1-440A-BB8E-F255EB664400}.Release|Any CPU.ActiveCfg = Release|Any CPU
		{D6219F88-3BB1-440A-BB8E-F255EB664400}.Release|Any CPU.Build.0 = Release|Any CPU
		{F04C1F37-1D14-4AB6-A70F-4C069DFDD1D5}.Debug|Any CPU.ActiveCfg = Debug|Any CPU
		{F04C1F37-1D14-4AB6-A70F-4C069DFDD1D5}.Debug|Any CPU.Build.0 = Debug|Any CPU
		{F04C1F37-1D14-4AB6-A70F-4C069DFDD1D5}.Release|Any CPU.ActiveCfg = Release|Any CPU
		{F04C1F37-1D14-4AB6-A70F-4C069DFDD1D5}.Release|Any CPU.Build.0 = Release|Any CPU
		{D97F9454-CB09-4A32-BCD6-3593971003A7}.Debug|Any CPU.ActiveCfg = Debug|Any CPU
		{D97F9454-CB09-4A32-BCD6-3593971003A7}.Debug|Any CPU.Build.0 = Debug|Any CPU
		{D97F9454-CB09-4A32-BCD6-3593971003A7}.Release|Any CPU.ActiveCfg = Release|Any CPU
		{D97F9454-CB09-4A32-BCD6-3593971003A7}.Release|Any CPU.Build.0 = Release|Any CPU
		{95262F85-0A58-4185-81C1-B0FBCFDEA0F9}.Debug|Any CPU.ActiveCfg = Debug|Any CPU
		{95262F85-0A58-4185-81C1-B0FBCFDEA0F9}.Debug|Any CPU.Build.0 = Debug|Any CPU
		{95262F85-0A58-4185-81C1-B0FBCFDEA0F9}.Release|Any CPU.ActiveCfg = Release|Any CPU
		{95262F85-0A58-4185-81C1-B0FBCFDEA0F9}.Release|Any CPU.Build.0 = Release|Any CPU
		{56E6589D-34B1-4BE8-801A-04383F20A56B}.Debug|Any CPU.ActiveCfg = Debug|Any CPU
		{56E6589D-34B1-4BE8-801A-04383F20A56B}.Debug|Any CPU.Build.0 = Debug|Any CPU
		{56E6589D-34B1-4BE8-801A-04383F20A56B}.Release|Any CPU.ActiveCfg = Release|Any CPU
		{56E6589D-34B1-4BE8-801A-04383F20A56B}.Release|Any CPU.Build.0 = Release|Any CPU
		{C08F4526-79C2-4D15-9C3C-05EB5D44A399}.Debug|Any CPU.ActiveCfg = Debug|Any CPU
		{C08F4526-79C2-4D15-9C3C-05EB5D44A399}.Debug|Any CPU.Build.0 = Debug|Any CPU
		{C08F4526-79C2-4D15-9C3C-05EB5D44A399}.Release|Any CPU.ActiveCfg = Release|Any CPU
		{C08F4526-79C2-4D15-9C3C-05EB5D44A399}.Release|Any CPU.Build.0 = Release|Any CPU
		{0A8723F2-BA75-4CE3-9089-48070B547418}.Debug|Any CPU.ActiveCfg = Debug|Any CPU
		{0A8723F2-BA75-4CE3-9089-48070B547418}.Debug|Any CPU.Build.0 = Debug|Any CPU
		{0A8723F2-BA75-4CE3-9089-48070B547418}.Release|Any CPU.ActiveCfg = Release|Any CPU
		{0A8723F2-BA75-4CE3-9089-48070B547418}.Release|Any CPU.Build.0 = Release|Any CPU
		{787881FE-132A-40DA-BEA9-F026BBC9684A}.Debug|Any CPU.ActiveCfg = Debug|Any CPU
		{787881FE-132A-40DA-BEA9-F026BBC9684A}.Debug|Any CPU.Build.0 = Debug|Any CPU
		{787881FE-132A-40DA-BEA9-F026BBC9684A}.Release|Any CPU.ActiveCfg = Release|Any CPU
		{787881FE-132A-40DA-BEA9-F026BBC9684A}.Release|Any CPU.Build.0 = Release|Any CPU
		{96E26727-2411-4E8E-813E-AFEA7F0BD100}.Debug|Any CPU.ActiveCfg = Debug|Any CPU
		{96E26727-2411-4E8E-813E-AFEA7F0BD100}.Debug|Any CPU.Build.0 = Debug|Any CPU
		{96E26727-2411-4E8E-813E-AFEA7F0BD100}.Release|Any CPU.ActiveCfg = Release|Any CPU
		{96E26727-2411-4E8E-813E-AFEA7F0BD100}.Release|Any CPU.Build.0 = Release|Any CPU
		{FF72C743-FEBE-4C7D-B2F5-E2C6C086703D}.Debug|Any CPU.ActiveCfg = Debug|Any CPU
		{FF72C743-FEBE-4C7D-B2F5-E2C6C086703D}.Debug|Any CPU.Build.0 = Debug|Any CPU
		{FF72C743-FEBE-4C7D-B2F5-E2C6C086703D}.Release|Any CPU.ActiveCfg = Release|Any CPU
		{FF72C743-FEBE-4C7D-B2F5-E2C6C086703D}.Release|Any CPU.Build.0 = Release|Any CPU
		{BCC118DD-008E-4A4C-9C3B-B452F091358F}.Debug|Any CPU.ActiveCfg = Debug|Any CPU
		{BCC118DD-008E-4A4C-9C3B-B452F091358F}.Debug|Any CPU.Build.0 = Debug|Any CPU
		{BCC118DD-008E-4A4C-9C3B-B452F091358F}.Release|Any CPU.ActiveCfg = Release|Any CPU
		{BCC118DD-008E-4A4C-9C3B-B452F091358F}.Release|Any CPU.Build.0 = Release|Any CPU
		{37443D5D-E22A-4172-9109-7D0794C2C839}.Debug|Any CPU.ActiveCfg = Debug|Any CPU
		{37443D5D-E22A-4172-9109-7D0794C2C839}.Debug|Any CPU.Build.0 = Debug|Any CPU
		{37443D5D-E22A-4172-9109-7D0794C2C839}.Release|Any CPU.ActiveCfg = Release|Any CPU
		{37443D5D-E22A-4172-9109-7D0794C2C839}.Release|Any CPU.Build.0 = Release|Any CPU
		{7F774447-A416-40EB-B2AB-0B72CC304BC5}.Debug|Any CPU.ActiveCfg = Debug|Any CPU
		{7F774447-A416-40EB-B2AB-0B72CC304BC5}.Debug|Any CPU.Build.0 = Debug|Any CPU
		{7F774447-A416-40EB-B2AB-0B72CC304BC5}.Release|Any CPU.ActiveCfg = Release|Any CPU
		{7F774447-A416-40EB-B2AB-0B72CC304BC5}.Release|Any CPU.Build.0 = Release|Any CPU
		{D1159C81-8171-458E-9F37-74768E9A3C5F}.Debug|Any CPU.ActiveCfg = Debug|Any CPU
		{D1159C81-8171-458E-9F37-74768E9A3C5F}.Debug|Any CPU.Build.0 = Debug|Any CPU
		{D1159C81-8171-458E-9F37-74768E9A3C5F}.Release|Any CPU.ActiveCfg = Release|Any CPU
		{D1159C81-8171-458E-9F37-74768E9A3C5F}.Release|Any CPU.Build.0 = Release|Any CPU
	EndGlobalSection
	GlobalSection(SolutionProperties) = preSolution
		HideSolutionNode = FALSE
	EndGlobalSection
	GlobalSection(NestedProjects) = preSolution
		{E98C15FC-2AB7-42CA-BB58-AAD193AA92B4} = {EF1B5E0B-62DA-4C3C-807F-6FF862153C11}
		{60428C86-F83D-465A-99D5-1D0746C7257B} = {EF1B5E0B-62DA-4C3C-807F-6FF862153C11}
		{11AAFF80-FFC3-4638-B884-A14167B86766} = {EF1B5E0B-62DA-4C3C-807F-6FF862153C11}
		{F251E8C2-AB3B-41F4-96C1-9D9937A77ABC} = {EF1B5E0B-62DA-4C3C-807F-6FF862153C11}
		{BDCC3A38-A767-44B5-8891-941B5690ED04} = {EF1B5E0B-62DA-4C3C-807F-6FF862153C11}
		{B4225572-E51A-4B43-AE4B-F04ADF44EF01} = {EF1B5E0B-62DA-4C3C-807F-6FF862153C11}
		{D3A20AEB-922D-4153-BFB0-BD873E6EA552} = {B353E09C-AE86-411E-AFBE-1E6DDB78DD29}
		{15DE7222-4F9E-43C3-A8CD-4CA766683EC4} = {613A2FFD-E922-4FEE-969B-5D4C9D579BDB}
		{4197D043-9AA4-4EB9-8CCD-0CAC446C1DBF} = {638C7C89-C982-47C7-80AF-7AE31830B4AD}
		{D6219F88-3BB1-440A-BB8E-F255EB664400} = {638C7C89-C982-47C7-80AF-7AE31830B4AD}
		{F04C1F37-1D14-4AB6-A70F-4C069DFDD1D5} = {638C7C89-C982-47C7-80AF-7AE31830B4AD}
		{D97F9454-CB09-4A32-BCD6-3593971003A7} = {EF1B5E0B-62DA-4C3C-807F-6FF862153C11}
		{56E6589D-34B1-4BE8-801A-04383F20A56B} = {AAFF86B3-C463-42BA-8E09-5FB30EE48626}
		{C08F4526-79C2-4D15-9C3C-05EB5D44A399} = {AAFF86B3-C463-42BA-8E09-5FB30EE48626}
		{0A8723F2-BA75-4CE3-9089-48070B547418} = {EF1B5E0B-62DA-4C3C-807F-6FF862153C11}
		{96E26727-2411-4E8E-813E-AFEA7F0BD100} = {EF1B5E0B-62DA-4C3C-807F-6FF862153C11}
		{FF72C743-FEBE-4C7D-B2F5-E2C6C086703D} = {EF1B5E0B-62DA-4C3C-807F-6FF862153C11}
		{BCC118DD-008E-4A4C-9C3B-B452F091358F} = {E98C15FC-2AB7-42CA-BB58-AAD193AA92B4}
		{37443D5D-E22A-4172-9109-7D0794C2C839} = {B353E09C-AE86-411E-AFBE-1E6DDB78DD29}
		{7F774447-A416-40EB-B2AB-0B72CC304BC5} = {B353E09C-AE86-411E-AFBE-1E6DDB78DD29}
		{D1159C81-8171-458E-9F37-74768E9A3C5F} = {B353E09C-AE86-411E-AFBE-1E6DDB78DD29}
	EndGlobalSection
EndGlobal
