
Microsoft Visual Studio Solution File, Format Version 12.00
# Visual Studio 14
VisualStudioVersion = 14.0.25123.0
MinimumVisualStudioVersion = 10.0.40219.1
Project("{FAE04EC0-301F-11D3-BF4B-00C04F79EFBC}") = "Card.Core", "Card.Core\Card.Core.csproj", "{B999FA31-AD19-486C-AC1D-E826619DD124}"
EndProject
Project("{FAE04EC0-301F-11D3-BF4B-00C04F79EFBC}") = "Core", "Core\Core.csproj", "{A3A91840-0A44-4CB7-B982-C816E816DDB2}"
EndProject
Project("{FAE04EC0-301F-11D3-BF4B-00C04F79EFBC}") = "Game.Core", "Game.Core\Game.Core.csproj", "{4DBE4890-C2EC-45A9-B25B-8D46BD9590A7}"
EndProject
Project("{FAE04EC0-301F-11D3-BF4B-00C04F79EFBC}") = "Game.Logic", "Game.Logic\Game.Logic.csproj", "{63B1EC28-956F-4474-BD94-EE34B1622811}"
EndProject
Project("{FAE04EC0-301F-11D3-BF4B-00C04F79EFBC}") = "Server.Core", "Server.Core\Server.Core.csproj", "{3F450E65-4C27-4C2F-BE4D-B01E802F25FC}"
EndProject
Project("{FAE04EC0-301F-11D3-BF4B-00C04F79EFBC}") = "Game.Service", "Game.Service\Game.Service.csproj", "{D3CD8608-5F93-4DBF-9DF7-2364146A1F98}"
EndProject
Project("{FAE04EC0-301F-11D3-BF4B-00C04F79EFBC}") = "Server.TCP", "Server.TCP\Server.TCP.csproj", "{34CC70A5-57D5-4F48-BD04-62C8D9AD14A7}"
EndProject
Project("{2150E333-8FDC-42A3-9474-1A3956D46DE8}") = "Cards", "Cards", "{613A2FFD-E922-4FEE-969B-5D4C9D579BDB}"
EndProject
Project("{2150E333-8FDC-42A3-9474-1A3956D46DE8}") = "Game", "Game", "{638C7C89-C982-47C7-80AF-7AE31830B4AD}"
EndProject
Project("{2150E333-8FDC-42A3-9474-1A3956D46DE8}") = "Server", "Server", "{EF1B5E0B-62DA-4C3C-807F-6FF862153C11}"
EndProject
Project("{FAE04EC0-301F-11D3-BF4B-00C04F79EFBC}") = "Server.HTTP", "Server.HTTP\Server.HTTP.csproj", "{338622B2-E3C8-4A89-8393-B2F36984FEEE}"
EndProject
Project("{2150E333-8FDC-42A3-9474-1A3956D46DE8}") = "Client", "Client", "{B353E09C-AE86-411E-AFBE-1E6DDB78DD29}"
EndProject
Project("{FAE04EC0-301F-11D3-BF4B-00C04F79EFBC}") = "Client.TCP", "Client.TCP\Client.TCP.csproj", "{D21C8E2E-E934-4877-9370-A6F144897465}"
EndProject
Project("{FAE04EC0-301F-11D3-BF4B-00C04F79EFBC}") = "Client.Core", "Client.Core\Client.Core.csproj", "{33595847-0A58-4247-A041-5C134609CED9}"
EndProject
Project("{FAE04EC0-301F-11D3-BF4B-00C04F79EFBC}") = "Core.TCP", "Core.TCP\Core.TCP.csproj", "{F2601056-5E5A-4086-BED2-CAE5C4324A41}"
EndProject
Project("{2150E333-8FDC-42A3-9474-1A3956D46DE8}") = ".scripts", ".scripts", "{BBDA3A1C-2796-48E7-AA5D-FF8E169F7A42}"
	ProjectSection(SolutionItems) = preProject
		clientTcp.bat = clientTcp.bat
	EndProjectSection
EndProject
Global
	GlobalSection(SolutionConfigurationPlatforms) = preSolution
		Debug|Any CPU = Debug|Any CPU
		Release|Any CPU = Release|Any CPU
	EndGlobalSection
	GlobalSection(ProjectConfigurationPlatforms) = postSolution
		{B999FA31-AD19-486C-AC1D-E826619DD124}.Debug|Any CPU.ActiveCfg = Debug|Any CPU
		{B999FA31-AD19-486C-AC1D-E826619DD124}.Debug|Any CPU.Build.0 = Debug|Any CPU
		{B999FA31-AD19-486C-AC1D-E826619DD124}.Release|Any CPU.ActiveCfg = Release|Any CPU
		{B999FA31-AD19-486C-AC1D-E826619DD124}.Release|Any CPU.Build.0 = Release|Any CPU
		{A3A91840-0A44-4CB7-B982-C816E816DDB2}.Debug|Any CPU.ActiveCfg = Debug|Any CPU
		{A3A91840-0A44-4CB7-B982-C816E816DDB2}.Debug|Any CPU.Build.0 = Debug|Any CPU
		{A3A91840-0A44-4CB7-B982-C816E816DDB2}.Release|Any CPU.ActiveCfg = Release|Any CPU
		{A3A91840-0A44-4CB7-B982-C816E816DDB2}.Release|Any CPU.Build.0 = Release|Any CPU
		{4DBE4890-C2EC-45A9-B25B-8D46BD9590A7}.Debug|Any CPU.ActiveCfg = Debug|Any CPU
		{4DBE4890-C2EC-45A9-B25B-8D46BD9590A7}.Debug|Any CPU.Build.0 = Debug|Any CPU
		{4DBE4890-C2EC-45A9-B25B-8D46BD9590A7}.Release|Any CPU.ActiveCfg = Release|Any CPU
		{4DBE4890-C2EC-45A9-B25B-8D46BD9590A7}.Release|Any CPU.Build.0 = Release|Any CPU
		{63B1EC28-956F-4474-BD94-EE34B1622811}.Debug|Any CPU.ActiveCfg = Debug|Any CPU
		{63B1EC28-956F-4474-BD94-EE34B1622811}.Debug|Any CPU.Build.0 = Debug|Any CPU
		{63B1EC28-956F-4474-BD94-EE34B1622811}.Release|Any CPU.ActiveCfg = Release|Any CPU
		{63B1EC28-956F-4474-BD94-EE34B1622811}.Release|Any CPU.Build.0 = Release|Any CPU
		{3F450E65-4C27-4C2F-BE4D-B01E802F25FC}.Debug|Any CPU.ActiveCfg = Debug|Any CPU
		{3F450E65-4C27-4C2F-BE4D-B01E802F25FC}.Debug|Any CPU.Build.0 = Debug|Any CPU
		{3F450E65-4C27-4C2F-BE4D-B01E802F25FC}.Release|Any CPU.ActiveCfg = Release|Any CPU
		{3F450E65-4C27-4C2F-BE4D-B01E802F25FC}.Release|Any CPU.Build.0 = Release|Any CPU
		{D3CD8608-5F93-4DBF-9DF7-2364146A1F98}.Debug|Any CPU.ActiveCfg = Debug|Any CPU
		{D3CD8608-5F93-4DBF-9DF7-2364146A1F98}.Debug|Any CPU.Build.0 = Debug|Any CPU
		{D3CD8608-5F93-4DBF-9DF7-2364146A1F98}.Release|Any CPU.ActiveCfg = Release|Any CPU
		{D3CD8608-5F93-4DBF-9DF7-2364146A1F98}.Release|Any CPU.Build.0 = Release|Any CPU
		{34CC70A5-57D5-4F48-BD04-62C8D9AD14A7}.Debug|Any CPU.ActiveCfg = Debug|Any CPU
		{34CC70A5-57D5-4F48-BD04-62C8D9AD14A7}.Debug|Any CPU.Build.0 = Debug|Any CPU
		{34CC70A5-57D5-4F48-BD04-62C8D9AD14A7}.Release|Any CPU.ActiveCfg = Release|Any CPU
		{34CC70A5-57D5-4F48-BD04-62C8D9AD14A7}.Release|Any CPU.Build.0 = Release|Any CPU
		{338622B2-E3C8-4A89-8393-B2F36984FEEE}.Debug|Any CPU.ActiveCfg = Debug|Any CPU
		{338622B2-E3C8-4A89-8393-B2F36984FEEE}.Debug|Any CPU.Build.0 = Debug|Any CPU
		{338622B2-E3C8-4A89-8393-B2F36984FEEE}.Release|Any CPU.ActiveCfg = Release|Any CPU
		{338622B2-E3C8-4A89-8393-B2F36984FEEE}.Release|Any CPU.Build.0 = Release|Any CPU
		{D21C8E2E-E934-4877-9370-A6F144897465}.Debug|Any CPU.ActiveCfg = Debug|Any CPU
		{D21C8E2E-E934-4877-9370-A6F144897465}.Debug|Any CPU.Build.0 = Debug|Any CPU
		{D21C8E2E-E934-4877-9370-A6F144897465}.Release|Any CPU.ActiveCfg = Release|Any CPU
		{D21C8E2E-E934-4877-9370-A6F144897465}.Release|Any CPU.Build.0 = Release|Any CPU
		{33595847-0A58-4247-A041-5C134609CED9}.Debug|Any CPU.ActiveCfg = Debug|Any CPU
		{33595847-0A58-4247-A041-5C134609CED9}.Debug|Any CPU.Build.0 = Debug|Any CPU
		{33595847-0A58-4247-A041-5C134609CED9}.Release|Any CPU.ActiveCfg = Release|Any CPU
		{33595847-0A58-4247-A041-5C134609CED9}.Release|Any CPU.Build.0 = Release|Any CPU
		{F2601056-5E5A-4086-BED2-CAE5C4324A41}.Debug|Any CPU.ActiveCfg = Debug|Any CPU
		{F2601056-5E5A-4086-BED2-CAE5C4324A41}.Debug|Any CPU.Build.0 = Debug|Any CPU
		{F2601056-5E5A-4086-BED2-CAE5C4324A41}.Release|Any CPU.ActiveCfg = Release|Any CPU
		{F2601056-5E5A-4086-BED2-CAE5C4324A41}.Release|Any CPU.Build.0 = Release|Any CPU
	EndGlobalSection
	GlobalSection(SolutionProperties) = preSolution
		HideSolutionNode = FALSE
	EndGlobalSection
	GlobalSection(NestedProjects) = preSolution
		{B999FA31-AD19-486C-AC1D-E826619DD124} = {613A2FFD-E922-4FEE-969B-5D4C9D579BDB}
		{4DBE4890-C2EC-45A9-B25B-8D46BD9590A7} = {638C7C89-C982-47C7-80AF-7AE31830B4AD}
		{63B1EC28-956F-4474-BD94-EE34B1622811} = {638C7C89-C982-47C7-80AF-7AE31830B4AD}
		{3F450E65-4C27-4C2F-BE4D-B01E802F25FC} = {EF1B5E0B-62DA-4C3C-807F-6FF862153C11}
		{D3CD8608-5F93-4DBF-9DF7-2364146A1F98} = {638C7C89-C982-47C7-80AF-7AE31830B4AD}
		{34CC70A5-57D5-4F48-BD04-62C8D9AD14A7} = {EF1B5E0B-62DA-4C3C-807F-6FF862153C11}
		{338622B2-E3C8-4A89-8393-B2F36984FEEE} = {EF1B5E0B-62DA-4C3C-807F-6FF862153C11}
		{D21C8E2E-E934-4877-9370-A6F144897465} = {B353E09C-AE86-411E-AFBE-1E6DDB78DD29}
		{33595847-0A58-4247-A041-5C134609CED9} = {B353E09C-AE86-411E-AFBE-1E6DDB78DD29}
	EndGlobalSection
EndGlobal
