
Microsoft Visual Studio Solution File, Format Version 12.00
# Visual Studio 14
VisualStudioVersion = 14.0.25123.0
MinimumVisualStudioVersion = 10.0.40219.1
Project("{FAE04EC0-301F-11D3-BF4B-00C04F79EFBC}") = "Card.Console", "Card.Console\Card.Console.csproj", "{D6289D50-EFF9-4748-8661-19B47A24088C}"
	ProjectSection(ProjectDependencies) = postProject
		{D3CD8608-5F93-4DBF-9DF7-2364146A1F98} = {D3CD8608-5F93-4DBF-9DF7-2364146A1F98}
		{63B1EC28-956F-4474-BD94-EE34B1622811} = {63B1EC28-956F-4474-BD94-EE34B1622811}
		{B999FA31-AD19-486C-AC1D-E826619DD124} = {B999FA31-AD19-486C-AC1D-E826619DD124}
		{A3A91840-0A44-4CB7-B982-C816E816DDB2} = {A3A91840-0A44-4CB7-B982-C816E816DDB2}
		{4DBE4890-C2EC-45A9-B25B-8D46BD9590A7} = {4DBE4890-C2EC-45A9-B25B-8D46BD9590A7}
	EndProjectSection
EndProject
Project("{FAE04EC0-301F-11D3-BF4B-00C04F79EFBC}") = "Card.Core", "Card.Core\Card.Core.csproj", "{B999FA31-AD19-486C-AC1D-E826619DD124}"
EndProject
Project("{FAE04EC0-301F-11D3-BF4B-00C04F79EFBC}") = "Core", "Core\Core.csproj", "{A3A91840-0A44-4CB7-B982-C816E816DDB2}"
EndProject
Project("{FAE04EC0-301F-11D3-BF4B-00C04F79EFBC}") = "Game.Core", "Game.Core\Game.Core.csproj", "{4DBE4890-C2EC-45A9-B25B-8D46BD9590A7}"
EndProject
Project("{FAE04EC0-301F-11D3-BF4B-00C04F79EFBC}") = "Game.Logic", "Game.Logic\Game.Logic.csproj", "{63B1EC28-956F-4474-BD94-EE34B1622811}"
EndProject
Project("{FAE04EC0-301F-11D3-BF4B-00C04F79EFBC}") = "Server.Core", "Server.Core\Server.Core.csproj", "{3F450E65-4C27-4C2F-BE4D-B01E802F25FC}"
EndProject
Project("{FAE04EC0-301F-11D3-BF4B-00C04F79EFBC}") = "Game.Service", "Game.Service\Game.Service.csproj", "{D3CD8608-5F93-4DBF-9DF7-2364146A1F98}"
EndProject
Global
	GlobalSection(SolutionConfigurationPlatforms) = preSolution
		Debug|Any CPU = Debug|Any CPU
		Release|Any CPU = Release|Any CPU
	EndGlobalSection
	GlobalSection(ProjectConfigurationPlatforms) = postSolution
		{D6289D50-EFF9-4748-8661-19B47A24088C}.Debug|Any CPU.ActiveCfg = Debug|Any CPU
		{D6289D50-EFF9-4748-8661-19B47A24088C}.Debug|Any CPU.Build.0 = Debug|Any CPU
		{D6289D50-EFF9-4748-8661-19B47A24088C}.Release|Any CPU.ActiveCfg = Release|Any CPU
		{D6289D50-EFF9-4748-8661-19B47A24088C}.Release|Any CPU.Build.0 = Release|Any CPU
		{B999FA31-AD19-486C-AC1D-E826619DD124}.Debug|Any CPU.ActiveCfg = Debug|Any CPU
		{B999FA31-AD19-486C-AC1D-E826619DD124}.Debug|Any CPU.Build.0 = Debug|Any CPU
		{B999FA31-AD19-486C-AC1D-E826619DD124}.Release|Any CPU.ActiveCfg = Release|Any CPU
		{B999FA31-AD19-486C-AC1D-E826619DD124}.Release|Any CPU.Build.0 = Release|Any CPU
		{A3A91840-0A44-4CB7-B982-C816E816DDB2}.Debug|Any CPU.ActiveCfg = Debug|Any CPU
		{A3A91840-0A44-4CB7-B982-C816E816DDB2}.Debug|Any CPU.Build.0 = Debug|Any CPU
		{A3A91840-0A44-4CB7-B982-C816E816DDB2}.Release|Any CPU.ActiveCfg = Release|Any CPU
		{A3A91840-0A44-4CB7-B982-C816E816DDB2}.Release|Any CPU.Build.0 = Release|Any CPU
		{4DBE4890-C2EC-45A9-B25B-8D46BD9590A7}.Debug|Any CPU.ActiveCfg = Debug|Any CPU
		{4DBE4890-C2EC-45A9-B25B-8D46BD9590A7}.Debug|Any CPU.Build.0 = Debug|Any CPU
		{4DBE4890-C2EC-45A9-B25B-8D46BD9590A7}.Release|Any CPU.ActiveCfg = Release|Any CPU
		{4DBE4890-C2EC-45A9-B25B-8D46BD9590A7}.Release|Any CPU.Build.0 = Release|Any CPU
		{63B1EC28-956F-4474-BD94-EE34B1622811}.Debug|Any CPU.ActiveCfg = Debug|Any CPU
		{63B1EC28-956F-4474-BD94-EE34B1622811}.Debug|Any CPU.Build.0 = Debug|Any CPU
		{63B1EC28-956F-4474-BD94-EE34B1622811}.Release|Any CPU.ActiveCfg = Release|Any CPU
		{63B1EC28-956F-4474-BD94-EE34B1622811}.Release|Any CPU.Build.0 = Release|Any CPU
		{3F450E65-4C27-4C2F-BE4D-B01E802F25FC}.Debug|Any CPU.ActiveCfg = Debug|Any CPU
		{3F450E65-4C27-4C2F-BE4D-B01E802F25FC}.Debug|Any CPU.Build.0 = Debug|Any CPU
		{3F450E65-4C27-4C2F-BE4D-B01E802F25FC}.Release|Any CPU.ActiveCfg = Release|Any CPU
		{3F450E65-4C27-4C2F-BE4D-B01E802F25FC}.Release|Any CPU.Build.0 = Release|Any CPU
		{D3CD8608-5F93-4DBF-9DF7-2364146A1F98}.Debug|Any CPU.ActiveCfg = Debug|Any CPU
		{D3CD8608-5F93-4DBF-9DF7-2364146A1F98}.Debug|Any CPU.Build.0 = Debug|Any CPU
		{D3CD8608-5F93-4DBF-9DF7-2364146A1F98}.Release|Any CPU.ActiveCfg = Release|Any CPU
		{D3CD8608-5F93-4DBF-9DF7-2364146A1F98}.Release|Any CPU.Build.0 = Release|Any CPU
	EndGlobalSection
	GlobalSection(SolutionProperties) = preSolution
		HideSolutionNode = FALSE
	EndGlobalSection
EndGlobal
